// !$*UTF8*$!
{
	archiveVersion = 1;
	classes = {
	};
	objectVersion = 56;
	objects = {

/* Begin PBXBuildFile section */
		0474F0472C2B0BFE0088B1E2 /* AppDelegate.m in Sources */ = {isa = PBXBuildFile; fileRef = 0474F0462C2B0BFE0088B1E2 /* AppDelegate.m */; };
		0474F04A2C2B0BFE0088B1E2 /* SceneDelegate.m in Sources */ = {isa = PBXBuildFile; fileRef = 0474F0492C2B0BFE0088B1E2 /* SceneDelegate.m */; };
		0474F04D2C2B0BFE0088B1E2 /* ViewController.m in Sources */ = {isa = PBXBuildFile; fileRef = 0474F04C2C2B0BFE0088B1E2 /* ViewController.m */; };
		0474F0502C2B0BFE0088B1E2 /* Base in Resources */ = {isa = PBXBuildFile; fileRef = 0474F04F2C2B0BFE0088B1E2 /* Base */; };
		0474F0522C2B0BFF0088B1E2 /* Assets.xcassets in Resources */ = {isa = PBXBuildFile; fileRef = 0474F0512C2B0BFF0088B1E2 /* Assets.xcassets */; };
		0474F0552C2B0BFF0088B1E2 /* Base in Resources */ = {isa = PBXBuildFile; fileRef = 0474F0542C2B0BFF0088B1E2 /* Base */; };
		0474F0582C2B0BFF0088B1E2 /* main.m in Sources */ = {isa = PBXBuildFile; fileRef = 0474F0572C2B0BFF0088B1E2 /* main.m */; };
		04A06AAD2C2E33CF00771704 /* GTVideoViewController.m in Sources */ = {isa = PBXBuildFile; fileRef = 04A06AAC2C2E33CF00771704 /* GTVideoViewController.m */; };
		04A06AB02C2E481200771704 /* GTRecommendController.m in Sources */ = {isa = PBXBuildFile; fileRef = 04A06AAF2C2E481200771704 /* GTRecommendController.m */; };
/* End PBXBuildFile section */

/* Begin PBXFileReference section */
		0474F0422C2B0BFE0088B1E2 /* IOS_Study.app */ = {isa = PBXFileReference; explicitFileType = wrapper.application; includeInIndex = 0; path = IOS_Study.app; sourceTree = BUILT_PRODUCTS_DIR; };
		0474F0452C2B0BFE0088B1E2 /* AppDelegate.h */ = {isa = PBXFileReference; lastKnownFileType = sourcecode.c.h; path = AppDelegate.h; sourceTree = "<group>"; };
		0474F0462C2B0BFE0088B1E2 /* AppDelegate.m */ = {isa = PBXFileReference; lastKnownFileType = sourcecode.c.objc; path = AppDelegate.m; sourceTree = "<group>"; };
		0474F0482C2B0BFE0088B1E2 /* SceneDelegate.h */ = {isa = PBXFileReference; lastKnownFileType = sourcecode.c.h; path = SceneDelegate.h; sourceTree = "<group>"; };
		0474F0492C2B0BFE0088B1E2 /* SceneDelegate.m */ = {isa = PBXFileReference; lastKnownFileType = sourcecode.c.objc; path = SceneDelegate.m; sourceTree = "<group>"; };
		0474F04B2C2B0BFE0088B1E2 /* ViewController.h */ = {isa = PBXFileReference; lastKnownFileType = sourcecode.c.h; path = ViewController.h; sourceTree = "<group>"; };
		0474F04C2C2B0BFE0088B1E2 /* ViewController.m */ = {isa = PBXFileReference; lastKnownFileType = sourcecode.c.objc; path = ViewController.m; sourceTree = "<group>"; };
		0474F04F2C2B0BFE0088B1E2 /* Base */ = {isa = PBXFileReference; lastKnownFileType = file.storyboard; name = Base; path = Base.lproj/Main.storyboard; sourceTree = "<group>"; };
		0474F0512C2B0BFF0088B1E2 /* Assets.xcassets */ = {isa = PBXFileReference; lastKnownFileType = folder.assetcatalog; path = Assets.xcassets; sourceTree = "<group>"; };
		0474F0542C2B0BFF0088B1E2 /* Base */ = {isa = PBXFileReference; lastKnownFileType = file.storyboard; name = Base; path = Base.lproj/LaunchScreen.storyboard; sourceTree = "<group>"; };
		0474F0562C2B0BFF0088B1E2 /* Info.plist */ = {isa = PBXFileReference; lastKnownFileType = text.plist.xml; path = Info.plist; sourceTree = "<group>"; };
		0474F0572C2B0BFF0088B1E2 /* main.m */ = {isa = PBXFileReference; lastKnownFileType = sourcecode.c.objc; path = main.m; sourceTree = "<group>"; };
		0474F05E2C2B0D9E0088B1E2 /* README.md */ = {isa = PBXFileReference; lastKnownFileType = net.daringfireball.markdown; path = README.md; sourceTree = "<group>"; };
		04A06AAB2C2E33CF00771704 /* GTVideoViewController.h */ = {isa = PBXFileReference; lastKnownFileType = sourcecode.c.h; path = GTVideoViewController.h; sourceTree = "<group>"; };
		04A06AAC2C2E33CF00771704 /* GTVideoViewController.m */ = {isa = PBXFileReference; lastKnownFileType = sourcecode.c.objc; path = GTVideoViewController.m; sourceTree = "<group>"; };
		04A06AAE2C2E481200771704 /* GTRecommendController.h */ = {isa = PBXFileReference; lastKnownFileType = sourcecode.c.h; path = GTRecommendController.h; sourceTree = "<group>"; };
		04A06AAF2C2E481200771704 /* GTRecommendController.m */ = {isa = PBXFileReference; lastKnownFileType = sourcecode.c.objc; path = GTRecommendController.m; sourceTree = "<group>"; };
/* End PBXFileReference section */

/* Begin PBXFrameworksBuildPhase section */
		0474F03F2C2B0BFE0088B1E2 /* Frameworks */ = {
			isa = PBXFrameworksBuildPhase;
			buildActionMask = 2147483647;
			files = (
			);
			runOnlyForDeploymentPostprocessing = 0;
		};
/* End PBXFrameworksBuildPhase section */

/* Begin PBXGroup section */
		0474F0392C2B0BFE0088B1E2 = {
			isa = PBXGroup;
			children = (
				0474F05E2C2B0D9E0088B1E2 /* README.md */,
				0474F0442C2B0BFE0088B1E2 /* IOS_Study */,
				0474F0432C2B0BFE0088B1E2 /* Products */,
			);
			sourceTree = "<group>";
		};
		0474F0432C2B0BFE0088B1E2 /* Products */ = {
			isa = PBXGroup;
			children = (
				0474F0422C2B0BFE0088B1E2 /* IOS_Study.app */,
			);
			name = Products;
			sourceTree = "<group>";
		};
		0474F0442C2B0BFE0088B1E2 /* IOS_Study */ = {
			isa = PBXGroup;
			children = (
				0474F0452C2B0BFE0088B1E2 /* AppDelegate.h */,
				0474F0462C2B0BFE0088B1E2 /* AppDelegate.m */,
				0474F0482C2B0BFE0088B1E2 /* SceneDelegate.h */,
				0474F0492C2B0BFE0088B1E2 /* SceneDelegate.m */,
				0474F04B2C2B0BFE0088B1E2 /* ViewController.h */,
				0474F04C2C2B0BFE0088B1E2 /* ViewController.m */,
				0474F04E2C2B0BFE0088B1E2 /* Main.storyboard */,
				0474F0512C2B0BFF0088B1E2 /* Assets.xcassets */,
				0474F0532C2B0BFF0088B1E2 /* LaunchScreen.storyboard */,
				0474F0562C2B0BFF0088B1E2 /* Info.plist */,
				0474F0572C2B0BFF0088B1E2 /* main.m */,
				04A06AAB2C2E33CF00771704 /* GTVideoViewController.h */,
				04A06AAC2C2E33CF00771704 /* GTVideoViewController.m */,
				04A06AAE2C2E481200771704 /* GTRecommendController.h */,
				04A06AAF2C2E481200771704 /* GTRecommendController.m */,
			);
			path = IOS_Study;
			sourceTree = "<group>";
		};
/* End PBXGroup section */

/* Begin PBXNativeTarget section */
		0474F0412C2B0BFE0088B1E2 /* IOS_Study */ = {
			isa = PBXNativeTarget;
			buildConfigurationList = 0474F05B2C2B0BFF0088B1E2 /* Build configuration list for PBXNativeTarget "IOS_Study" */;
			buildPhases = (
				0474F03E2C2B0BFE0088B1E2 /* Sources */,
				0474F03F2C2B0BFE0088B1E2 /* Frameworks */,
				0474F0402C2B0BFE0088B1E2 /* Resources */,
			);
			buildRules = (
			);
			dependencies = (
			);
			name = IOS_Study;
			productName = IOS_Study;
			productReference = 0474F0422C2B0BFE0088B1E2 /* IOS_Study.app */;
			productType = "com.apple.product-type.application";
		};
/* End PBXNativeTarget section */

/* Begin PBXProject section */
		0474F03A2C2B0BFE0088B1E2 /* Project object */ = {
			isa = PBXProject;
			attributes = {
				BuildIndependentTargetsInParallel = 1;
				LastUpgradeCheck = 1540;
				TargetAttributes = {
					0474F0412C2B0BFE0088B1E2 = {
						CreatedOnToolsVersion = 15.4;
					};
				};
			};
			buildConfigurationList = 0474F03D2C2B0BFE0088B1E2 /* Build configuration list for PBXProject "IOS_Study" */;
			compatibilityVersion = "Xcode 14.0";
			developmentRegion = en;
			hasScannedForEncodings = 0;
			knownRegions = (
				en,
				Base,
			);
			mainGroup = 0474F0392C2B0BFE0088B1E2;
			productRefGroup = 0474F0432C2B0BFE0088B1E2 /* Products */;
			projectDirPath = "";
			projectRoot = "";
			targets = (
				0474F0412C2B0BFE0088B1E2 /* IOS_Study */,
			);
		};
/* End PBXProject section */

/* Begin PBXResourcesBuildPhase section */
		0474F0402C2B0BFE0088B1E2 /* Resources */ = {
			isa = PBXResourcesBuildPhase;
			buildActionMask = 2147483647;
			files = (
				0474F0522C2B0BFF0088B1E2 /* Assets.xcassets in Resources */,
				0474F0552C2B0BFF0088B1E2 /* Base in Resources */,
				0474F0502C2B0BFE0088B1E2 /* Base in Resources */,
			);
			runOnlyForDeploymentPostprocessing = 0;
		};
/* End PBXResourcesBuildPhase section */

/* Begin PBXSourcesBuildPhase section */
		0474F03E2C2B0BFE0088B1E2 /* Sources */ = {
			isa = PBXSourcesBuildPhase;
			buildActionMask = 2147483647;
			files = (
				0474F04D2C2B0BFE0088B1E2 /* ViewController.m in Sources */,
				04A06AAD2C2E33CF00771704 /* GTVideoViewController.m in Sources */,
				0474F0472C2B0BFE0088B1E2 /* AppDelegate.m in Sources */,
				04A06AB02C2E481200771704 /* GTRecommendController.m in Sources */,
				0474F0582C2B0BFF0088B1E2 /* main.m in Sources */,
				0474F04A2C2B0BFE0088B1E2 /* SceneDelegate.m in Sources */,
			);
			runOnlyForDeploymentPostprocessing = 0;
		};
/* End PBXSourcesBuildPhase section */

/* Begin PBXVariantGroup section */
		0474F04E2C2B0BFE0088B1E2 /* Main.storyboard */ = {
			isa = PBXVariantGroup;
			children = (
				0474F04F2C2B0BFE0088B1E2 /* Base */,
			);
			name = Main.storyboard;
			sourceTree = "<group>";
		};
		0474F0532C2B0BFF0088B1E2 /* LaunchScreen.storyboard */ = {
			isa = PBXVariantGroup;
			children = (
				0474F0542C2B0BFF0088B1E2 /* Base */,
			);
			name = LaunchScreen.storyboard;
			sourceTree = "<group>";
		};
/* End PBXVariantGroup section */

/* Begin XCBuildConfiguration section */
		0474F0592C2B0BFF0088B1E2 /* Debug */ = {
			isa = XCBuildConfiguration;
			buildSettings = {
				ALWAYS_SEARCH_USER_PATHS = NO;
				ASSETCATALOG_COMPILER_GENERATE_SWIFT_ASSET_SYMBOL_EXTENSIONS = YES;
				CLANG_ANALYZER_NONNULL = YES;
				CLANG_ANALYZER_NUMBER_OBJECT_CONVERSION = YES_AGGRESSIVE;
				CLANG_CXX_LANGUAGE_STANDARD = "gnu++20";
				CLANG_ENABLE_MODULES = YES;
				CLANG_ENABLE_OBJC_ARC = YES;
				CLANG_ENABLE_OBJC_WEAK = YES;
				CLANG_WARN_BLOCK_CAPTURE_AUTORELEASING = YES;
				CLANG_WARN_BOOL_CONVERSION = YES;
				CLANG_WARN_COMMA = YES;
				CLANG_WARN_CONSTANT_CONVERSION = YES;
				CLANG_WARN_DEPRECATED_OBJC_IMPLEMENTATIONS = YES;
				CLANG_WARN_DIRECT_OBJC_ISA_USAGE = YES_ERROR;
				CLANG_WARN_DOCUMENTATION_COMMENTS = YES;
				CLANG_WARN_EMPTY_BODY = YES;
				CLANG_WARN_ENUM_CONVERSION = YES;
				CLANG_WARN_INFINITE_RECURSION = YES;
				CLANG_WARN_INT_CONVERSION = YES;
				CLANG_WARN_NON_LITERAL_NULL_CONVERSION = YES;
				CLANG_WARN_OBJC_IMPLICIT_RETAIN_SELF = YES;
				CLANG_WARN_OBJC_LITERAL_CONVERSION = YES;
				CLANG_WARN_OBJC_ROOT_CLASS = YES_ERROR;
				CLANG_WARN_QUOTED_INCLUDE_IN_FRAMEWORK_HEADER = YES;
				CLANG_WARN_RANGE_LOOP_ANALYSIS = YES;
				CLANG_WARN_STRICT_PROTOTYPES = YES;
				CLANG_WARN_SUSPICIOUS_MOVE = YES;
				CLANG_WARN_UNGUARDED_AVAILABILITY = YES_AGGRESSIVE;
				CLANG_WARN_UNREACHABLE_CODE = YES;
				CLANG_WARN__DUPLICATE_METHOD_MATCH = YES;
				COPY_PHASE_STRIP = NO;
				DEBUG_INFORMATION_FORMAT = dwarf;
				ENABLE_STRICT_OBJC_MSGSEND = YES;
				ENABLE_TESTABILITY = YES;
				ENABLE_USER_SCRIPT_SANDBOXING = YES;
				GCC_C_LANGUAGE_STANDARD = gnu17;
				GCC_DYNAMIC_NO_PIC = NO;
				GCC_NO_COMMON_BLOCKS = YES;
				GCC_OPTIMIZATION_LEVEL = 0;
				GCC_PREPROCESSOR_DEFINITIONS = (
					"DEBUG=1",
					"$(inherited)",
				);
				GCC_WARN_64_TO_32_BIT_CONVERSION = YES;
				GCC_WARN_ABOUT_RETURN_TYPE = YES_ERROR;
				GCC_WARN_UNDECLARED_SELECTOR = YES;
				GCC_WARN_UNINITIALIZED_AUTOS = YES_AGGRESSIVE;
				GCC_WARN_UNUSED_FUNCTION = YES;
				GCC_WARN_UNUSED_VARIABLE = YES;
				IPHONEOS_DEPLOYMENT_TARGET = 17.5;
				LOCALIZATION_PREFERS_STRING_CATALOGS = YES;
				MTL_ENABLE_DEBUG_INFO = INCLUDE_SOURCE;
				MTL_FAST_MATH = YES;
				ONLY_ACTIVE_ARCH = YES;
				SDKROOT = iphoneos;
			};
			name = Debug;
		};
		0474F05A2C2B0BFF0088B1E2 /* Release */ = {
			isa = XCBuildConfiguration;
			buildSettings = {
				ALWAYS_SEARCH_USER_PATHS = NO;
				ASSETCATALOG_COMPILER_GENERATE_SWIFT_ASSET_SYMBOL_EXTENSIONS = YES;
				CLANG_ANALYZER_NONNULL = YES;
				CLANG_ANALYZER_NUMBER_OBJECT_CONVERSION = YES_AGGRESSIVE;
				CLANG_CXX_LANGUAGE_STANDARD = "gnu++20";
				CLANG_ENABLE_MODULES = YES;
				CLANG_ENABLE_OBJC_ARC = YES;
				CLANG_ENABLE_OBJC_WEAK = YES;
				CLANG_WARN_BLOCK_CAPTURE_AUTORELEASING = YES;
				CLANG_WARN_BOOL_CONVERSION = YES;
				CLANG_WARN_COMMA = YES;
				CLANG_WARN_CONSTANT_CONVERSION = YES;
				CLANG_WARN_DEPRECATED_OBJC_IMPLEMENTATIONS = YES;
				CLANG_WARN_DIRECT_OBJC_ISA_USAGE = YES_ERROR;
				CLANG_WARN_DOCUMENTATION_COMMENTS = YES;
				CLANG_WARN_EMPTY_BODY = YES;
				CLANG_WARN_ENUM_CONVERSION = YES;
				CLANG_WARN_INFINITE_RECURSION = YES;
				CLANG_WARN_INT_CONVERSION = YES;
				CLANG_WARN_NON_LITERAL_NULL_CONVERSION = YES;
				CLANG_WARN_OBJC_IMPLICIT_RETAIN_SELF = YES;
				CLANG_WARN_OBJC_LITERAL_CONVERSION = YES;
				CLANG_WARN_OBJC_ROOT_CLASS = YES_ERROR;
				CLANG_WARN_QUOTED_INCLUDE_IN_FRAMEWORK_HEADER = YES;
				CLANG_WARN_RANGE_LOOP_ANALYSIS = YES;
				CLANG_WARN_STRICT_PROTOTYPES = YES;
				CLANG_WARN_SUSPICIOUS_MOVE = YES;
				CLANG_WARN_UNGUARDED_AVAILABILITY = YES_AGGRESSIVE;
				CLANG_WARN_UNREACHABLE_CODE = YES;
				CLANG_WARN__DUPLICATE_METHOD_MATCH = YES;
				COPY_PHASE_STRIP = NO;
				DEBUG_INFORMATION_FORMAT = "dwarf-with-dsym";
				ENABLE_NS_ASSERTIONS = NO;
				ENABLE_STRICT_OBJC_MSGSEND = YES;
				ENABLE_USER_SCRIPT_SANDBOXING = YES;
				GCC_C_LANGUAGE_STANDARD = gnu17;
				GCC_NO_COMMON_BLOCKS = YES;
				GCC_WARN_64_TO_32_BIT_CONVERSION = YES;
				GCC_WARN_ABOUT_RETURN_TYPE = YES_ERROR;
				GCC_WARN_UNDECLARED_SELECTOR = YES;
				GCC_WARN_UNINITIALIZED_AUTOS = YES_AGGRESSIVE;
				GCC_WARN_UNUSED_FUNCTION = YES;
				GCC_WARN_UNUSED_VARIABLE = YES;
				IPHONEOS_DEPLOYMENT_TARGET = 17.5;
				LOCALIZATION_PREFERS_STRING_CATALOGS = YES;
				MTL_ENABLE_DEBUG_INFO = NO;
				MTL_FAST_MATH = YES;
				SDKROOT = iphoneos;
				VALIDATE_PRODUCT = YES;
			};
			name = Release;
		};
		0474F05C2C2B0BFF0088B1E2 /* Debug */ = {
			isa = XCBuildConfiguration;
			buildSettings = {
				ASSETCATALOG_COMPILER_APPICON_NAME = AppIcon;
				ASSETCATALOG_COMPILER_GLOBAL_ACCENT_COLOR_NAME = AccentColor;
				CODE_SIGN_STYLE = Automatic;
				CURRENT_PROJECT_VERSION = 1;
				DEVELOPMENT_TEAM = C7A99Q8Q49;
				GENERATE_INFOPLIST_FILE = YES;
				INFOPLIST_FILE = IOS_Study/Info.plist;
				INFOPLIST_KEY_UIApplicationSupportsIndirectInputEvents = YES;
				INFOPLIST_KEY_UILaunchStoryboardName = LaunchScreen;
				INFOPLIST_KEY_UISupportedInterfaceOrientations_iPad = "UIInterfaceOrientationPortrait UIInterfaceOrientationPortraitUpsideDown UIInterfaceOrientationLandscapeLeft UIInterfaceOrientationLandscapeRight";
				INFOPLIST_KEY_UISupportedInterfaceOrientations_iPhone = "UIInterfaceOrientationPortrait UIInterfaceOrientationLandscapeLeft UIInterfaceOrientationLandscapeRight";
				IPHONEOS_DEPLOYMENT_TARGET = 15.2;
				LD_RUNPATH_SEARCH_PATHS = (
					"$(inherited)",
					"@executable_path/Frameworks",
				);
				MARKETING_VERSION = 1.0;
				PRODUCT_BUNDLE_IDENTIFIER = "com.rockshang.app.IOS-Study";
				PRODUCT_NAME = "$(TARGET_NAME)";
				SWIFT_EMIT_LOC_STRINGS = YES;
				TARGETED_DEVICE_FAMILY = "1,2";
			};
			name = Debug;
		};
		0474F05D2C2B0BFF0088B1E2 /* Release */ = {
			isa = XCBuildConfiguration;
			buildSettings = {
				ASSETCATALOG_COMPILER_APPICON_NAME = AppIcon;
				ASSETCATALOG_COMPILER_GLOBAL_ACCENT_COLOR_NAME = AccentColor;
				CODE_SIGN_STYLE = Automatic;
				CURRENT_PROJECT_VERSION = 1;
				DEVELOPMENT_TEAM = C7A99Q8Q49;
				GENERATE_INFOPLIST_FILE = YES;
				INFOPLIST_FILE = IOS_Study/Info.plist;
				INFOPLIST_KEY_UIApplicationSupportsIndirectInputEvents = YES;
				INFOPLIST_KEY_UILaunchStoryboardName = LaunchScreen;
				INFOPLIST_KEY_UISupportedInterfaceOrientations_iPad = "UIInterfaceOrientationPortrait UIInterfaceOrientationPortraitUpsideDown UIInterfaceOrientationLandscapeLeft UIInterfaceOrientationLandscapeRight";
				INFOPLIST_KEY_UISupportedInterfaceOrientations_iPhone = "UIInterfaceOrientationPortrait UIInterfaceOrientationLandscapeLeft UIInterfaceOrientationLandscapeRight";
				IPHONEOS_DEPLOYMENT_TARGET = 15.2;
				LD_RUNPATH_SEARCH_PATHS = (
					"$(inherited)",
					"@executable_path/Frameworks",
				);
				MARKETING_VERSION = 1.0;
				PRODUCT_BUNDLE_IDENTIFIER = "com.rockshang.app.IOS-Study";
				PRODUCT_NAME = "$(TARGET_NAME)";
				SWIFT_EMIT_LOC_STRINGS = YES;
				TARGETED_DEVICE_FAMILY = "1,2";
			};
			name = Release;
		};
/* End XCBuildConfiguration section */

/* Begin XCConfigurationList section */
		0474F03D2C2B0BFE0088B1E2 /* Build configuration list for PBXProject "IOS_Study" */ = {
			isa = XCConfigurationList;
			buildConfigurations = (
				0474F0592C2B0BFF0088B1E2 /* Debug */,
				0474F05A2C2B0BFF0088B1E2 /* Release */,
			);
			defaultConfigurationIsVisible = 0;
			defaultConfigurationName = Release;
		};
		0474F05B2C2B0BFF0088B1E2 /* Build configuration list for PBXNativeTarget "IOS_Study" */ = {
			isa = XCConfigurationList;
			buildConfigurations = (
				0474F05C2C2B0BFF0088B1E2 /* Debug */,
				0474F05D2C2B0BFF0088B1E2 /* Release */,
			);
			defaultConfigurationIsVisible = 0;
			defaultConfigurationName = Release;
		};
/* End XCConfigurationList section */
	};
	rootObject = 0474F03A2C2B0BFE0088B1E2 /* Project object */;
}
